
Microsoft Visual Studio Solution File, Format Version 12.00
# Visual Studio Version 17
VisualStudioVersion = 17.3.32825.248
MinimumVisualStudioVersion = 10.0.40219.1
Project("{9A19103F-16F7-4668-BE54-9A1E7A4F7556}") = "crudAsp.Net Core", "crudAsp.Net Core.csproj", "{2A9FAFE9-1A2D-4663-A363-C239D77133A2}"
EndProject
Global
	GlobalSection(SolutionConfigurationPlatforms) = preSolution
		Debug|Any CPU = Debug|Any CPU
		Release|Any CPU = Release|Any CPU
	EndGlobalSection
	GlobalSection(ProjectConfigurationPlatforms) = postSolution
		{2A9FAFE9-1A2D-4663-A363-C239D77133A2}.Debug|Any CPU.ActiveCfg = Debug|Any CPU
		{2A9FAFE9-1A2D-4663-A363-C239D77133A2}.Debug|Any CPU.Build.0 = Debug|Any CPU
		{2A9FAFE9-1A2D-4663-A363-C239D77133A2}.Release|Any CPU.ActiveCfg = Release|Any CPU
		{2A9FAFE9-1A2D-4663-A363-C239D77133A2}.Release|Any CPU.Build.0 = Release|Any CPU
	EndGlobalSection
	GlobalSection(SolutionProperties) = preSolution
		HideSolutionNode = FALSE
	EndGlobalSection
	GlobalSection(ExtensibilityGlobals) = postSolution
		SolutionGuid = {D6D53FAD-6391-41D9-8700-9023C8ECC9BB}
	EndGlobalSection
EndGlobal
